
Microsoft Visual Studio Solution File, Format Version 12.00
# Visual Studio Version 17
VisualStudioVersion = 17.1.32414.318
MinimumVisualStudioVersion = 10.0.40219.1
Project("{9A19103F-16F7-4668-BE54-9A1E7A4F7556}") = "MessengerStepikCSharp", "MessengerStepikCSharp.csproj", "{A3CD9D9C-2B03-491B-A7C4-A4D8BCCABAF7}"
EndProject
Project("{FAE04EC0-301F-11D3-BF4B-00C04F79EFBC}") = "ASP.NET_Core_Server", "..\ASP.NET_Core_Server\ASP.NET_Core_Server.csproj", "{4564A97E-BEBC-40AA-B1F6-FEE4D50FD60C}"
EndProject
Project("{FAE04EC0-301F-11D3-BF4B-00C04F79EFBC}") = "WPFClient", "..\WPFClient\WPFClient.csproj", "{81BB7E57-C58F-4C2C-A154-D5906055CCCD}"
EndProject
Global
	GlobalSection(SolutionConfigurationPlatforms) = preSolution
		Debug|Any CPU = Debug|Any CPU
		Release|Any CPU = Release|Any CPU
	EndGlobalSection
	GlobalSection(ProjectConfigurationPlatforms) = postSolution
		{A3CD9D9C-2B03-491B-A7C4-A4D8BCCABAF7}.Debug|Any CPU.ActiveCfg = Debug|Any CPU
		{A3CD9D9C-2B03-491B-A7C4-A4D8BCCABAF7}.Debug|Any CPU.Build.0 = Debug|Any CPU
		{A3CD9D9C-2B03-491B-A7C4-A4D8BCCABAF7}.Release|Any CPU.ActiveCfg = Release|Any CPU
		{A3CD9D9C-2B03-491B-A7C4-A4D8BCCABAF7}.Release|Any CPU.Build.0 = Release|Any CPU
		{4564A97E-BEBC-40AA-B1F6-FEE4D50FD60C}.Debug|Any CPU.ActiveCfg = Debug|Any CPU
		{4564A97E-BEBC-40AA-B1F6-FEE4D50FD60C}.Debug|Any CPU.Build.0 = Debug|Any CPU
		{4564A97E-BEBC-40AA-B1F6-FEE4D50FD60C}.Release|Any CPU.ActiveCfg = Release|Any CPU
		{4564A97E-BEBC-40AA-B1F6-FEE4D50FD60C}.Release|Any CPU.Build.0 = Release|Any CPU
		{81BB7E57-C58F-4C2C-A154-D5906055CCCD}.Debug|Any CPU.ActiveCfg = Debug|Any CPU
		{81BB7E57-C58F-4C2C-A154-D5906055CCCD}.Debug|Any CPU.Build.0 = Debug|Any CPU
		{81BB7E57-C58F-4C2C-A154-D5906055CCCD}.Release|Any CPU.ActiveCfg = Release|Any CPU
		{81BB7E57-C58F-4C2C-A154-D5906055CCCD}.Release|Any CPU.Build.0 = Release|Any CPU
	EndGlobalSection
	GlobalSection(SolutionProperties) = preSolution
		HideSolutionNode = FALSE
	EndGlobalSection
	GlobalSection(ExtensibilityGlobals) = postSolution
		SolutionGuid = {F05FDEA9-DBB2-49E5-B766-EF3119FC87D8}
	EndGlobalSection
EndGlobal
